
Microsoft Visual Studio Solution File, Format Version 12.00
# Visual Studio 14
VisualStudioVersion = 14.0.25420.1
MinimumVisualStudioVersion = 10.0.40219.1
Project("{FAE04EC0-301F-11D3-BF4B-00C04F79EFBC}") = "FileParser.Logic", "FileParser.Logic\FileParser.Logic.csproj", "{455A2CC3-DF18-4B74-B0EA-30FE0DDFB26F}"
EndProject
Project("{FAE04EC0-301F-11D3-BF4B-00C04F79EFBC}") = "FileParser.Test", "FileParser.Test\FileParser.Test.csproj", "{DB0AA475-CE06-4602-8626-B2080E74C9C7}"
EndProject
Project("{FAE04EC0-301F-11D3-BF4B-00C04F79EFBC}") = "FileParser.UI", "FileParser.UI\FileParser.UI.csproj", "{2EBAF1C3-F317-47E4-A4FE-34DD683D1DCF}"
EndProject
Project("{FAE04EC0-301F-11D3-BF4B-00C04F79EFBC}") = "FileParser.Domain", "FileParser.Domain\FileParser.Domain.csproj", "{0B4E4BD6-0AAB-45B6-9D61-0A7757535CD9}"
EndProject
Project("{6141683F-8A12-4E36-9623-2EB02B2C2303}") = "FileParser.Install", "FileParser.Install\FileParser.Install.isproj", "{A503EFDA-47A8-4FFE-895A-7541C52D1B42}"
	ProjectSection(ProjectDependencies) = postProject
		{455A2CC3-DF18-4B74-B0EA-30FE0DDFB26F} = {455A2CC3-DF18-4B74-B0EA-30FE0DDFB26F}
		{2EBAF1C3-F317-47E4-A4FE-34DD683D1DCF} = {2EBAF1C3-F317-47E4-A4FE-34DD683D1DCF}
		{0B4E4BD6-0AAB-45B6-9D61-0A7757535CD9} = {0B4E4BD6-0AAB-45B6-9D61-0A7757535CD9}
	EndProjectSection
EndProject
Global
	GlobalSection(SolutionConfigurationPlatforms) = preSolution
		CD_ROM|Any CPU = CD_ROM|Any CPU
		Debug|Any CPU = Debug|Any CPU
		DVD-5|Any CPU = DVD-5|Any CPU
		Release|Any CPU = Release|Any CPU
		SingleImage|Any CPU = SingleImage|Any CPU
	EndGlobalSection
	GlobalSection(ProjectConfigurationPlatforms) = postSolution
		{455A2CC3-DF18-4B74-B0EA-30FE0DDFB26F}.CD_ROM|Any CPU.ActiveCfg = Release|Any CPU
		{455A2CC3-DF18-4B74-B0EA-30FE0DDFB26F}.CD_ROM|Any CPU.Build.0 = Release|Any CPU
		{455A2CC3-DF18-4B74-B0EA-30FE0DDFB26F}.Debug|Any CPU.ActiveCfg = Debug|Any CPU
		{455A2CC3-DF18-4B74-B0EA-30FE0DDFB26F}.Debug|Any CPU.Build.0 = Debug|Any CPU
		{455A2CC3-DF18-4B74-B0EA-30FE0DDFB26F}.DVD-5|Any CPU.ActiveCfg = Debug|Any CPU
		{455A2CC3-DF18-4B74-B0EA-30FE0DDFB26F}.DVD-5|Any CPU.Build.0 = Debug|Any CPU
		{455A2CC3-DF18-4B74-B0EA-30FE0DDFB26F}.Release|Any CPU.ActiveCfg = Release|Any CPU
		{455A2CC3-DF18-4B74-B0EA-30FE0DDFB26F}.Release|Any CPU.Build.0 = Release|Any CPU
		{455A2CC3-DF18-4B74-B0EA-30FE0DDFB26F}.SingleImage|Any CPU.ActiveCfg = Release|Any CPU
		{455A2CC3-DF18-4B74-B0EA-30FE0DDFB26F}.SingleImage|Any CPU.Build.0 = Release|Any CPU
		{DB0AA475-CE06-4602-8626-B2080E74C9C7}.CD_ROM|Any CPU.ActiveCfg = Release|Any CPU
		{DB0AA475-CE06-4602-8626-B2080E74C9C7}.CD_ROM|Any CPU.Build.0 = Release|Any CPU
		{DB0AA475-CE06-4602-8626-B2080E74C9C7}.Debug|Any CPU.ActiveCfg = Debug|Any CPU
		{DB0AA475-CE06-4602-8626-B2080E74C9C7}.Debug|Any CPU.Build.0 = Debug|Any CPU
		{DB0AA475-CE06-4602-8626-B2080E74C9C7}.DVD-5|Any CPU.ActiveCfg = Debug|Any CPU
		{DB0AA475-CE06-4602-8626-B2080E74C9C7}.DVD-5|Any CPU.Build.0 = Debug|Any CPU
		{DB0AA475-CE06-4602-8626-B2080E74C9C7}.Release|Any CPU.ActiveCfg = Release|Any CPU
		{DB0AA475-CE06-4602-8626-B2080E74C9C7}.Release|Any CPU.Build.0 = Release|Any CPU
		{DB0AA475-CE06-4602-8626-B2080E74C9C7}.SingleImage|Any CPU.ActiveCfg = Release|Any CPU
		{DB0AA475-CE06-4602-8626-B2080E74C9C7}.SingleImage|Any CPU.Build.0 = Release|Any CPU
		{2EBAF1C3-F317-47E4-A4FE-34DD683D1DCF}.CD_ROM|Any CPU.ActiveCfg = Release|Any CPU
		{2EBAF1C3-F317-47E4-A4FE-34DD683D1DCF}.CD_ROM|Any CPU.Build.0 = Release|Any CPU
		{2EBAF1C3-F317-47E4-A4FE-34DD683D1DCF}.Debug|Any CPU.ActiveCfg = Debug|Any CPU
		{2EBAF1C3-F317-47E4-A4FE-34DD683D1DCF}.Debug|Any CPU.Build.0 = Debug|Any CPU
		{2EBAF1C3-F317-47E4-A4FE-34DD683D1DCF}.DVD-5|Any CPU.ActiveCfg = Debug|Any CPU
		{2EBAF1C3-F317-47E4-A4FE-34DD683D1DCF}.DVD-5|Any CPU.Build.0 = Debug|Any CPU
		{2EBAF1C3-F317-47E4-A4FE-34DD683D1DCF}.Release|Any CPU.ActiveCfg = Release|Any CPU
		{2EBAF1C3-F317-47E4-A4FE-34DD683D1DCF}.Release|Any CPU.Build.0 = Release|Any CPU
		{2EBAF1C3-F317-47E4-A4FE-34DD683D1DCF}.SingleImage|Any CPU.ActiveCfg = Release|Any CPU
		{2EBAF1C3-F317-47E4-A4FE-34DD683D1DCF}.SingleImage|Any CPU.Build.0 = Release|Any CPU
		{0B4E4BD6-0AAB-45B6-9D61-0A7757535CD9}.CD_ROM|Any CPU.ActiveCfg = Release|Any CPU
		{0B4E4BD6-0AAB-45B6-9D61-0A7757535CD9}.CD_ROM|Any CPU.Build.0 = Release|Any CPU
		{0B4E4BD6-0AAB-45B6-9D61-0A7757535CD9}.Debug|Any CPU.ActiveCfg = Debug|Any CPU
		{0B4E4BD6-0AAB-45B6-9D61-0A7757535CD9}.Debug|Any CPU.Build.0 = Debug|Any CPU
		{0B4E4BD6-0AAB-45B6-9D61-0A7757535CD9}.DVD-5|Any CPU.ActiveCfg = Debug|Any CPU
		{0B4E4BD6-0AAB-45B6-9D61-0A7757535CD9}.DVD-5|Any CPU.Build.0 = Debug|Any CPU
		{0B4E4BD6-0AAB-45B6-9D61-0A7757535CD9}.Release|Any CPU.ActiveCfg = Release|Any CPU
		{0B4E4BD6-0AAB-45B6-9D61-0A7757535CD9}.Release|Any CPU.Build.0 = Release|Any CPU
		{0B4E4BD6-0AAB-45B6-9D61-0A7757535CD9}.SingleImage|Any CPU.ActiveCfg = Release|Any CPU
		{0B4E4BD6-0AAB-45B6-9D61-0A7757535CD9}.SingleImage|Any CPU.Build.0 = Release|Any CPU
		{A503EFDA-47A8-4FFE-895A-7541C52D1B42}.CD_ROM|Any CPU.ActiveCfg = CD_ROM
		{A503EFDA-47A8-4FFE-895A-7541C52D1B42}.CD_ROM|Any CPU.Build.0 = CD_ROM
		{A503EFDA-47A8-4FFE-895A-7541C52D1B42}.Debug|Any CPU.ActiveCfg = DVD-5
		{A503EFDA-47A8-4FFE-895A-7541C52D1B42}.Debug|Any CPU.Build.0 = DVD-5
		{A503EFDA-47A8-4FFE-895A-7541C52D1B42}.DVD-5|Any CPU.ActiveCfg = DVD-5
		{A503EFDA-47A8-4FFE-895A-7541C52D1B42}.DVD-5|Any CPU.Build.0 = DVD-5
		{A503EFDA-47A8-4FFE-895A-7541C52D1B42}.Release|Any CPU.ActiveCfg = SingleImage
		{A503EFDA-47A8-4FFE-895A-7541C52D1B42}.Release|Any CPU.Build.0 = SingleImage
		{A503EFDA-47A8-4FFE-895A-7541C52D1B42}.SingleImage|Any CPU.ActiveCfg = SingleImage
		{A503EFDA-47A8-4FFE-895A-7541C52D1B42}.SingleImage|Any CPU.Build.0 = SingleImage
	EndGlobalSection
	GlobalSection(SolutionProperties) = preSolution
		HideSolutionNode = FALSE
	EndGlobalSection
EndGlobal
